dependencies:
- name: postgresql
  repository: file://charts/postgresql
  version: 0.1.0
- name: keycloak
  repository: file://charts/keycloak
  version: 0.1.0
- name: nats
  repository: file://charts/nats
  version: 0.1.0
digest: sha256:2f787478cf60270e7e7fe8540065f45bf4c4feb8b1c1afa35c3cc5bfbe5d5241
generated: "2026-03-05T14:15:31.066836467+01:00"
