dependencies:
- name: postgresql
  repository: file://charts/postgresql
  version: 0.1.0
- name: keycloak
  repository: file://charts/keycloak
  version: 0.1.0
- name: nats
  repository: file://charts/nats
  version: 0.1.0
- name: neo4j
  repository: file://charts/neo4j
  version: 0.1.0
digest: sha256:161935ada7b639acfffae0ca5de339575b768d58ee7c0f071a037f6c9ef850cf
generated: "2026-03-06T12:31:03.120900323+01:00"
